
Microsoft Visual Studio Solution File, Format Version 12.00
# Visual Studio Version 17
VisualStudioVersion = 17.12.35514.174
MinimumVisualStudioVersion = 10.0.40219.1
Project("{FAE04EC0-301F-11D3-BF4B-00C04F79EFBC}") = "ContactsManager.UI", "ContactsManager.UI\ContactsManager.UI.csproj", "{1B756351-55AB-4D14-8DF2-92524AE0EC85}"
EndProject
Project("{2150E333-8FDC-42A3-9474-1A3956D46DE8}") = "src", "src", "{48FD7DBF-1ADC-41D1-A6DD-8C02DAF17AD8}"
EndProject
Project("{2150E333-8FDC-42A3-9474-1A3956D46DE8}") = "tests", "tests", "{7FFB4EED-C693-428B-9AB9-096C85A95B16}"
EndProject
Project("{FAE04EC0-301F-11D3-BF4B-00C04F79EFBC}") = "ContactsManager.Core", "ContactsManager.Core\ContactsManager.Core.csproj", "{A10EFF0D-002A-4731-AF69-EA55DD1C9136}"
EndProject
Global
	GlobalSection(SolutionConfigurationPlatforms) = preSolution
		Debug|Any CPU = Debug|Any CPU
		Release|Any CPU = Release|Any CPU
	EndGlobalSection
	GlobalSection(ProjectConfigurationPlatforms) = postSolution
		{1B756351-55AB-4D14-8DF2-92524AE0EC85}.Debug|Any CPU.ActiveCfg = Debug|Any CPU
		{1B756351-55AB-4D14-8DF2-92524AE0EC85}.Debug|Any CPU.Build.0 = Debug|Any CPU
		{1B756351-55AB-4D14-8DF2-92524AE0EC85}.Release|Any CPU.ActiveCfg = Release|Any CPU
		{1B756351-55AB-4D14-8DF2-92524AE0EC85}.Release|Any CPU.Build.0 = Release|Any CPU
		{A10EFF0D-002A-4731-AF69-EA55DD1C9136}.Debug|Any CPU.ActiveCfg = Debug|Any CPU
		{A10EFF0D-002A-4731-AF69-EA55DD1C9136}.Debug|Any CPU.Build.0 = Debug|Any CPU
		{A10EFF0D-002A-4731-AF69-EA55DD1C9136}.Release|Any CPU.ActiveCfg = Release|Any CPU
		{A10EFF0D-002A-4731-AF69-EA55DD1C9136}.Release|Any CPU.Build.0 = Release|Any CPU
	EndGlobalSection
	GlobalSection(SolutionProperties) = preSolution
		HideSolutionNode = FALSE
	EndGlobalSection
	GlobalSection(NestedProjects) = preSolution
		{1B756351-55AB-4D14-8DF2-92524AE0EC85} = {48FD7DBF-1ADC-41D1-A6DD-8C02DAF17AD8}
		{A10EFF0D-002A-4731-AF69-EA55DD1C9136} = {48FD7DBF-1ADC-41D1-A6DD-8C02DAF17AD8}
	EndGlobalSection
EndGlobal
